{
  "name": "playground",
  "lockfileVersion": 2,
  "requires": true,
  "packages": {
    "": {
      "dependencies": {
        "@axel-hq/foundatsion": "file:.."
      }
    },
    "..": {
      "version": "0.6.1-rc",
      "license": "Unlicense",
      "devDependencies": {
        "@typescript-eslint/eslint-plugin": "^5.30.5",
        "@typescript-eslint/parser": "^5.30.5",
        "ava": "^5.1.0",
        "eslint": "^8.22.0",
        "ts-node": "^10.9.1",
        "typescript": "^4.9.4"
      },
      "engines": {
        "node": ">=16"
      }
    },
    "node_modules/@axel-hq/foundatsion": {
      "resolved": "..",
      "link": true
    }
  },
  "dependencies": {
    "@axel-hq/foundatsion": {
      "version": "file:..",
      "requires": {
        "@typescript-eslint/eslint-plugin": "^5.30.5",
        "@typescript-eslint/parser": "^5.30.5",
        "ava": "^5.1.0",
        "eslint": "^8.22.0",
        "ts-node": "^10.9.1",
        "typescript": "^4.9.4"
      }
    }
  }
}
